
Microsoft Visual Studio Solution File, Format Version 12.00
# Visual Studio 15
VisualStudioVersion = 15.0.26228.4
MinimumVisualStudioVersion = 10.0.40219.1
Project("{FAE04EC0-301F-11D3-BF4B-00C04F79EFBC}") = "Engine", "Engine\Engine.csproj", "{11222F9E-E3B9-4397-B51F-9281C0A19652}"
EndProject
Project("{FAE04EC0-301F-11D3-BF4B-00C04F79EFBC}") = "Engine.Tests", "Engine.Tests\Engine.Tests.csproj", "{DBEE41EE-E678-4515-90CE-DE82220DA3EF}"
EndProject
Project("{FAE04EC0-301F-11D3-BF4B-00C04F79EFBC}") = "ServiceLayer", "ServiceLayer\ServiceLayer.csproj", "{387E507D-122A-4FE6-9896-13FBAD09446E}"
EndProject
Project("{FAE04EC0-301F-11D3-BF4B-00C04F79EFBC}") = "Domain", "Domain\Domain.csproj", "{A33E250D-E100-4CCA-914E-7AAEAC1617F6}"
EndProject
Project("{FAE04EC0-301F-11D3-BF4B-00C04F79EFBC}") = "ServiceLayerTests", "ServiceLayerTests\ServiceLayerTests.csproj", "{E50766AD-A1C0-41E3-A117-61074686B84F}"
EndProject
Project("{FAE04EC0-301F-11D3-BF4B-00C04F79EFBC}") = "ViewModel", "ViewModel\ViewModel.csproj", "{8DC7798C-7C7A-4418-9B48-F9E54555FDBC}"
EndProject
Global
	GlobalSection(SolutionConfigurationPlatforms) = preSolution
		Debug|Any CPU = Debug|Any CPU
		Release|Any CPU = Release|Any CPU
	EndGlobalSection
	GlobalSection(ProjectConfigurationPlatforms) = postSolution
		{11222F9E-E3B9-4397-B51F-9281C0A19652}.Debug|Any CPU.ActiveCfg = Debug|Any CPU
		{11222F9E-E3B9-4397-B51F-9281C0A19652}.Debug|Any CPU.Build.0 = Debug|Any CPU
		{11222F9E-E3B9-4397-B51F-9281C0A19652}.Release|Any CPU.ActiveCfg = Release|Any CPU
		{11222F9E-E3B9-4397-B51F-9281C0A19652}.Release|Any CPU.Build.0 = Release|Any CPU
		{DBEE41EE-E678-4515-90CE-DE82220DA3EF}.Debug|Any CPU.ActiveCfg = Debug|Any CPU
		{DBEE41EE-E678-4515-90CE-DE82220DA3EF}.Debug|Any CPU.Build.0 = Debug|Any CPU
		{DBEE41EE-E678-4515-90CE-DE82220DA3EF}.Release|Any CPU.ActiveCfg = Release|Any CPU
		{DBEE41EE-E678-4515-90CE-DE82220DA3EF}.Release|Any CPU.Build.0 = Release|Any CPU
		{387E507D-122A-4FE6-9896-13FBAD09446E}.Debug|Any CPU.ActiveCfg = Debug|Any CPU
		{387E507D-122A-4FE6-9896-13FBAD09446E}.Debug|Any CPU.Build.0 = Debug|Any CPU
		{387E507D-122A-4FE6-9896-13FBAD09446E}.Release|Any CPU.ActiveCfg = Release|Any CPU
		{387E507D-122A-4FE6-9896-13FBAD09446E}.Release|Any CPU.Build.0 = Release|Any CPU
		{A33E250D-E100-4CCA-914E-7AAEAC1617F6}.Debug|Any CPU.ActiveCfg = Debug|Any CPU
		{A33E250D-E100-4CCA-914E-7AAEAC1617F6}.Debug|Any CPU.Build.0 = Debug|Any CPU
		{A33E250D-E100-4CCA-914E-7AAEAC1617F6}.Release|Any CPU.ActiveCfg = Release|Any CPU
		{A33E250D-E100-4CCA-914E-7AAEAC1617F6}.Release|Any CPU.Build.0 = Release|Any CPU
		{E50766AD-A1C0-41E3-A117-61074686B84F}.Debug|Any CPU.ActiveCfg = Debug|Any CPU
		{E50766AD-A1C0-41E3-A117-61074686B84F}.Debug|Any CPU.Build.0 = Debug|Any CPU
		{E50766AD-A1C0-41E3-A117-61074686B84F}.Release|Any CPU.ActiveCfg = Release|Any CPU
		{E50766AD-A1C0-41E3-A117-61074686B84F}.Release|Any CPU.Build.0 = Release|Any CPU
		{8DC7798C-7C7A-4418-9B48-F9E54555FDBC}.Debug|Any CPU.ActiveCfg = Debug|Any CPU
		{8DC7798C-7C7A-4418-9B48-F9E54555FDBC}.Debug|Any CPU.Build.0 = Debug|Any CPU
		{8DC7798C-7C7A-4418-9B48-F9E54555FDBC}.Release|Any CPU.ActiveCfg = Release|Any CPU
		{8DC7798C-7C7A-4418-9B48-F9E54555FDBC}.Release|Any CPU.Build.0 = Release|Any CPU
	EndGlobalSection
	GlobalSection(SolutionProperties) = preSolution
		HideSolutionNode = FALSE
	EndGlobalSection
EndGlobal
